# THIS IS AN AUTOGENERATED FILE. DO NOT EDIT THIS FILE DIRECTLY.
# yarn lockfile v1


openai@^7.15.0:
  version "7.15.0"
  resolved "https://registry.yarnpkg.com/openai/-/openai-7.15.0.tgz#a4220009b4cee2fe0d5a5a1525095a19e8f7aef8"
  integrity sha512-2DIwesnPSduw68MFx7nAdgvshrgvS8WOan5W8+tgUMlAy/tY+Q41g80Pa+w/v64rHA6rtn+dketa8QvMVxU96w==
