# THIS IS AN AUTOGENERATED FILE. DO NOT EDIT THIS FILE DIRECTLY.
# yarn lockfile v1


openai@^7.8.0:
  version "7.8.0"
  resolved "https://registry.yarnpkg.com/openai/-/openai-7.8.0.tgz#ee5be9e90702d75b3e24ec0d4ca8aaf9300eaaea"
  integrity sha512-/2g9JzdnXNcjX1W/UlSNu+OdSFDAaAVt0n9Onom0kPenH54o59G2WrX/xjTnr26UHNSh6hxcAf58doGYRme2rw==
