# THIS IS AN AUTOGENERATED FILE. DO NOT EDIT THIS FILE DIRECTLY.
# yarn lockfile v1


openai@^7.10.0:
  version "7.10.0"
  resolved "https://registry.yarnpkg.com/openai/-/openai-7.10.0.tgz#85f755a02dfcb7b7327732fe7e09a88f10df6ce1"
  integrity sha512-sn9t2Kls7O52PwuF9BUTYNu4Gk/r0lXJyrgaNht4TNRlZFb3dJIGO0RciSgjARGCBRtWjySubAQFJttlzUvGQQ==
